
Microsoft Visual Studio Solution File, Format Version 12.00
# Visual Studio 15
VisualStudioVersion = 15.0.28307.572
MinimumVisualStudioVersion = 10.0.40219.1
Project("{FAE04EC0-301F-11D3-BF4B-00C04F79EFBC}") = "People.Android", "People\People.Android\People.Android.csproj", "{9A62C893-56A3-4C06-9BC1-610C67CCD103}"
EndProject
Project("{FAE04EC0-301F-11D3-BF4B-00C04F79EFBC}") = "People", "People\People\People.csproj", "{B50D4828-93E2-46C7-9F79-9C2ABA6773F1}"
EndProject
Global
	GlobalSection(SolutionConfigurationPlatforms) = preSolution
		Debug|Any CPU = Debug|Any CPU
		Release|Any CPU = Release|Any CPU
	EndGlobalSection
	GlobalSection(ProjectConfigurationPlatforms) = postSolution
		{9A62C893-56A3-4C06-9BC1-610C67CCD103}.Debug|Any CPU.ActiveCfg = Debug|Any CPU
		{9A62C893-56A3-4C06-9BC1-610C67CCD103}.Debug|Any CPU.Build.0 = Debug|Any CPU
		{9A62C893-56A3-4C06-9BC1-610C67CCD103}.Debug|Any CPU.Deploy.0 = Debug|Any CPU
		{9A62C893-56A3-4C06-9BC1-610C67CCD103}.Release|Any CPU.ActiveCfg = Release|Any CPU
		{9A62C893-56A3-4C06-9BC1-610C67CCD103}.Release|Any CPU.Build.0 = Release|Any CPU
		{9A62C893-56A3-4C06-9BC1-610C67CCD103}.Release|Any CPU.Deploy.0 = Release|Any CPU
		{B50D4828-93E2-46C7-9F79-9C2ABA6773F1}.Debug|Any CPU.ActiveCfg = Debug|Any CPU
		{B50D4828-93E2-46C7-9F79-9C2ABA6773F1}.Debug|Any CPU.Build.0 = Debug|Any CPU
		{B50D4828-93E2-46C7-9F79-9C2ABA6773F1}.Debug|Any CPU.Deploy.0 = Debug|Any CPU
		{B50D4828-93E2-46C7-9F79-9C2ABA6773F1}.Release|Any CPU.ActiveCfg = Release|Any CPU
		{B50D4828-93E2-46C7-9F79-9C2ABA6773F1}.Release|Any CPU.Build.0 = Release|Any CPU
		{B50D4828-93E2-46C7-9F79-9C2ABA6773F1}.Release|Any CPU.Deploy.0 = Release|Any CPU
	EndGlobalSection
	GlobalSection(SolutionProperties) = preSolution
		HideSolutionNode = FALSE
	EndGlobalSection
	GlobalSection(ExtensibilityGlobals) = postSolution
		SolutionGuid = {EADCB314-FA76-4EEC-B0DA-3AB45E12E95B}
	EndGlobalSection
EndGlobal
